
Microsoft Visual Studio Solution File, Format Version 12.00
# Visual Studio Version 17
VisualStudioVersion = 17.4.33205.214
MinimumVisualStudioVersion = 10.0.40219.1
Project("{FAE04EC0-301F-11D3-BF4B-00C04F79EFBC}") = "LINQGroupBy", "LINQGroupBy.csproj", "{DF14BA7E-CB87-4523-A5FF-3CF60E1F1DB5}"
EndProject
Global
	GlobalSection(SolutionConfigurationPlatforms) = preSolution
		Debug|Any CPU = Debug|Any CPU
		Release|Any CPU = Release|Any CPU
	EndGlobalSection
	GlobalSection(ProjectConfigurationPlatforms) = postSolution
		{DF14BA7E-CB87-4523-A5FF-3CF60E1F1DB5}.Debug|Any CPU.ActiveCfg = Debug|Any CPU
		{DF14BA7E-CB87-4523-A5FF-3CF60E1F1DB5}.Debug|Any CPU.Build.0 = Debug|Any CPU
		{DF14BA7E-CB87-4523-A5FF-3CF60E1F1DB5}.Release|Any CPU.ActiveCfg = Release|Any CPU
		{DF14BA7E-CB87-4523-A5FF-3CF60E1F1DB5}.Release|Any CPU.Build.0 = Release|Any CPU
	EndGlobalSection
	GlobalSection(SolutionProperties) = preSolution
		HideSolutionNode = FALSE
	EndGlobalSection
	GlobalSection(ExtensibilityGlobals) = postSolution
		SolutionGuid = {3647FEE3-96AD-4B83-A5E2-9368D7A6111B}
	EndGlobalSection
EndGlobal
